// !$*UTF8*$!
{
	archiveVersion = 1;
	classes = {
	};
	objectVersion = 77;
	objects = {

/* Begin PBXBuildFile section */
		3A64EED82F7969F700B76A90 /* GRDB in Frameworks */ = {isa = PBXBuildFile; productRef = 3A64EED72F7969F700B76A90 /* GRDB */; };
		3A7509552F57FFE40057955D /* ito-runner in Frameworks */ = {isa = PBXBuildFile; productRef = 3A7509542F57FFE40057955D /* ito-runner */; };
		3AC825702F5FD9300054AD29 /* Nuke in Frameworks */ = {isa = PBXBuildFile; productRef = 3AC8256F2F5FD9300054AD29 /* Nuke */; };
		3AC825722F5FD9300054AD29 /* NukeUI in Frameworks */ = {isa = PBXBuildFile; productRef = 3AC825712F5FD9300054AD29 /* NukeUI */; };
		3ADF8E0F2F6CE2E6007A5EA0 /* ito-runner in Frameworks */ = {isa = PBXBuildFile; productRef = 3ADF8E0E2F6CE2E6007A5EA0 /* ito-runner */; };
/* End PBXBuildFile section */

/* Begin PBXContainerItemProxy section */
		3A43D88D2F57E4BF008E061E /* PBXContainerItemProxy */ = {
			isa = PBXContainerItemProxy;
			containerPortal = 3A43D8772F57E4BD008E061E /* Project object */;
			proxyType = 1;
			remoteGlobalIDString = 3A43D87E2F57E4BD008E061E;
			remoteInfo = Ito;
		};
		3A43D8972F57E4BF008E061E /* PBXContainerItemProxy */ = {
			isa = PBXContainerItemProxy;
			containerPortal = 3A43D8772F57E4BD008E061E /* Project object */;
			proxyType = 1;
			remoteGlobalIDString = 3A43D87E2F57E4BD008E061E;
			remoteInfo = Ito;
		};
/* End PBXContainerItemProxy section */

/* Begin PBXFileReference section */
		3A43D87F2F57E4BD008E061E /* Ito.app */ = {isa = PBXFileReference; explicitFileType = wrapper.application; includeInIndex = 0; path = Ito.app; sourceTree = BUILT_PRODUCTS_DIR; };
		3A43D88C2F57E4BF008E061E /* ItoTests.xctest */ = {isa = PBXFileReference; explicitFileType = wrapper.cfbundle; includeInIndex = 0; path = ItoTests.xctest; sourceTree = BUILT_PRODUCTS_DIR; };
		3A43D8962F57E4BF008E061E /* ItoUITests.xctest */ = {isa = PBXFileReference; explicitFileType = wrapper.cfbundle; includeInIndex = 0; path = ItoUITests.xctest; sourceTree = BUILT_PRODUCTS_DIR; };
/* End PBXFileReference section */

/* Begin PBXFileSystemSynchronizedBuildFileExceptionSet section */
		3AAE0DF82F5804EC004E7F5B /* Exceptions for "Ito" folder in "Ito" target */ = {
			isa = PBXFileSystemSynchronizedBuildFileExceptionSet;
			membershipExceptions = (
				Info.plist,
			);
			target = 3A43D87E2F57E4BD008E061E /* Ito */;
		};
/* End PBXFileSystemSynchronizedBuildFileExceptionSet section */

/* Begin PBXFileSystemSynchronizedRootGroup section */
		3A43D8812F57E4BD008E061E /* Ito */ = {
			isa = PBXFileSystemSynchronizedRootGroup;
			exceptions = (
				3AAE0DF82F5804EC004E7F5B /* Exceptions for "Ito" folder in "Ito" target */,
			);
			path = Ito;
			sourceTree = "<group>";
		};
		3A43D88F2F57E4BF008E061E /* ItoTests */ = {
			isa = PBXFileSystemSynchronizedRootGroup;
			path = ItoTests;
			sourceTree = "<group>";
		};
		3A43D8992F57E4BF008E061E /* ItoUITests */ = {
			isa = PBXFileSystemSynchronizedRootGroup;
			path = ItoUITests;
			sourceTree = "<group>";
		};
/* End PBXFileSystemSynchronizedRootGroup section */

/* Begin PBXFrameworksBuildPhase section */
		3A43D87C2F57E4BD008E061E /* Frameworks */ = {
			isa = PBXFrameworksBuildPhase;
			buildActionMask = 2147483647;
			files = (
				3AC825722F5FD9300054AD29 /* NukeUI in Frameworks */,
				3A64EED82F7969F700B76A90 /* GRDB in Frameworks */,
				3ADF8E0F2F6CE2E6007A5EA0 /* ito-runner in Frameworks */,
				3A7509552F57FFE40057955D /* ito-runner in Frameworks */,
				3AC825702F5FD9300054AD29 /* Nuke in Frameworks */,
			);
			runOnlyForDeploymentPostprocessing = 0;
		};
		3A43D8892F57E4BF008E061E /* Frameworks */ = {
			isa = PBXFrameworksBuildPhase;
			buildActionMask = 2147483647;
			files = (
			);
			runOnlyForDeploymentPostprocessing = 0;
		};
		3A43D8932F57E4BF008E061E /* Frameworks */ = {
			isa = PBXFrameworksBuildPhase;
			buildActionMask = 2147483647;
			files = (
			);
			runOnlyForDeploymentPostprocessing = 0;
		};
/* End PBXFrameworksBuildPhase section */

/* Begin PBXGroup section */
		3A43D8762F57E4BD008E061E = {
			isa = PBXGroup;
			children = (
				3A43D8812F57E4BD008E061E /* Ito */,
				3A43D88F2F57E4BF008E061E /* ItoTests */,
				3A43D8992F57E4BF008E061E /* ItoUITests */,
				3A43D8802F57E4BD008E061E /* Products */,
			);
			sourceTree = "<group>";
		};
		3A43D8802F57E4BD008E061E /* Products */ = {
			isa = PBXGroup;
			children = (
				3A43D87F2F57E4BD008E061E /* Ito.app */,
				3A43D88C2F57E4BF008E061E /* ItoTests.xctest */,
				3A43D8962F57E4BF008E061E /* ItoUITests.xctest */,
			);
			name = Products;
			sourceTree = "<group>";
		};
/* End PBXGroup section */

/* Begin PBXNativeTarget section */
		3A43D87E2F57E4BD008E061E /* Ito */ = {
			isa = PBXNativeTarget;
			buildConfigurationList = 3A43D8A02F57E4BF008E061E /* Build configuration list for PBXNativeTarget "Ito" */;
			buildPhases = (
				3A43D87B2F57E4BD008E061E /* Sources */,
				3A43D87C2F57E4BD008E061E /* Frameworks */,
				3A43D87D2F57E4BD008E061E /* Resources */,
			);
			buildRules = (
			);
			dependencies = (
				3AC825752F5FF9900054AD29 /* PBXTargetDependency */,
			);
			fileSystemSynchronizedGroups = (
				3A43D8812F57E4BD008E061E /* Ito */,
			);
			name = Ito;
			packageProductDependencies = (
				3A7509542F57FFE40057955D /* ito-runner */,
				3AC8256F2F5FD9300054AD29 /* Nuke */,
				3AC825712F5FD9300054AD29 /* NukeUI */,
				3ADF8E0E2F6CE2E6007A5EA0 /* ito-runner */,
				3A64EED72F7969F700B76A90 /* GRDB */,
			);
			productName = Ito;
			productReference = 3A43D87F2F57E4BD008E061E /* Ito.app */;
			productType = "com.apple.product-type.application";
		};
		3A43D88B2F57E4BF008E061E /* ItoTests */ = {
			isa = PBXNativeTarget;
			buildConfigurationList = 3A43D8A32F57E4BF008E061E /* Build configuration list for PBXNativeTarget "ItoTests" */;
			buildPhases = (
				3A43D8882F57E4BF008E061E /* Sources */,
				3A43D8892F57E4BF008E061E /* Frameworks */,
				3A43D88A2F57E4BF008E061E /* Resources */,
			);
			buildRules = (
			);
			dependencies = (
				3A43D88E2F57E4BF008E061E /* PBXTargetDependency */,
			);
			fileSystemSynchronizedGroups = (
				3A43D88F2F57E4BF008E061E /* ItoTests */,
			);
			name = ItoTests;
			packageProductDependencies = (
			);
			productName = ItoTests;
			productReference = 3A43D88C2F57E4BF008E061E /* ItoTests.xctest */;
			productType = "com.apple.product-type.bundle.unit-test";
		};
		3A43D8952F57E4BF008E061E /* ItoUITests */ = {
			isa = PBXNativeTarget;
			buildConfigurationList = 3A43D8A62F57E4BF008E061E /* Build configuration list for PBXNativeTarget "ItoUITests" */;
			buildPhases = (
				3A43D8922F57E4BF008E061E /* Sources */,
				3A43D8932F57E4BF008E061E /* Frameworks */,
				3A43D8942F57E4BF008E061E /* Resources */,
			);
			buildRules = (
			);
			dependencies = (
				3A43D8982F57E4BF008E061E /* PBXTargetDependency */,
			);
			fileSystemSynchronizedGroups = (
				3A43D8992F57E4BF008E061E /* ItoUITests */,
			);
			name = ItoUITests;
			packageProductDependencies = (
			);
			productName = ItoUITests;
			productReference = 3A43D8962F57E4BF008E061E /* ItoUITests.xctest */;
			productType = "com.apple.product-type.bundle.ui-testing";
		};
/* End PBXNativeTarget section */

/* Begin PBXProject section */
		3A43D8772F57E4BD008E061E /* Project object */ = {
			isa = PBXProject;
			attributes = {
				BuildIndependentTargetsInParallel = 1;
				LastSwiftUpdateCheck = 2620;
				LastUpgradeCheck = 2620;
				TargetAttributes = {
					3A43D87E2F57E4BD008E061E = {
						CreatedOnToolsVersion = 26.2;
					};
					3A43D88B2F57E4BF008E061E = {
						CreatedOnToolsVersion = 26.2;
						TestTargetID = 3A43D87E2F57E4BD008E061E;
					};
					3A43D8952F57E4BF008E061E = {
						CreatedOnToolsVersion = 26.2;
						TestTargetID = 3A43D87E2F57E4BD008E061E;
					};
				};
			};
			buildConfigurationList = 3A43D87A2F57E4BD008E061E /* Build configuration list for PBXProject "Ito" */;
			developmentRegion = en;
			hasScannedForEncodings = 0;
			knownRegions = (
				en,
				Base,
			);
			mainGroup = 3A43D8762F57E4BD008E061E;
			minimizedProjectReferenceProxies = 1;
			packageReferences = (
				3AC8256E2F5FD9300054AD29 /* XCRemoteSwiftPackageReference "Nuke" */,
				3AC825732F5FF84D0054AD29 /* XCRemoteSwiftPackageReference "SwiftLintPlugins" */,
				3ADF8E0D2F6CE2E6007A5EA0 /* XCLocalSwiftPackageReference "projects/ito-runner" */,
				3A64EED62F7969F700B76A90 /* XCLocalSwiftPackageReference "../GRDB.swift-master" */,
			);
			preferredProjectObjectVersion = 77;
			productRefGroup = 3A43D8802F57E4BD008E061E /* Products */;
			projectDirPath = "";
			projectRoot = "";
			targets = (
				3A43D87E2F57E4BD008E061E /* Ito */,
				3A43D88B2F57E4BF008E061E /* ItoTests */,
				3A43D8952F57E4BF008E061E /* ItoUITests */,
			);
		};
/* End PBXProject section */

/* Begin PBXResourcesBuildPhase section */
		3A43D87D2F57E4BD008E061E /* Resources */ = {
			isa = PBXResourcesBuildPhase;
			buildActionMask = 2147483647;
			files = (
			);
			runOnlyForDeploymentPostprocessing = 0;
		};
		3A43D88A2F57E4BF008E061E /* Resources */ = {
			isa = PBXResourcesBuildPhase;
			buildActionMask = 2147483647;
			files = (
			);
			runOnlyForDeploymentPostprocessing = 0;
		};
		3A43D8942F57E4BF008E061E /* Resources */ = {
			isa = PBXResourcesBuildPhase;
			buildActionMask = 2147483647;
			files = (
			);
			runOnlyForDeploymentPostprocessing = 0;
		};
/* End PBXResourcesBuildPhase section */

/* Begin PBXSourcesBuildPhase section */
		3A43D87B2F57E4BD008E061E /* Sources */ = {
			isa = PBXSourcesBuildPhase;
			buildActionMask = 2147483647;
			files = (
			);
			runOnlyForDeploymentPostprocessing = 0;
		};
		3A43D8882F57E4BF008E061E /* Sources */ = {
			isa = PBXSourcesBuildPhase;
			buildActionMask = 2147483647;
			files = (
			);
			runOnlyForDeploymentPostprocessing = 0;
		};
		3A43D8922F57E4BF008E061E /* Sources */ = {
			isa = PBXSourcesBuildPhase;
			buildActionMask = 2147483647;
			files = (
			);
			runOnlyForDeploymentPostprocessing = 0;
		};
/* End PBXSourcesBuildPhase section */

/* Begin PBXTargetDependency section */
		3A43D88E2F57E4BF008E061E /* PBXTargetDependency */ = {
			isa = PBXTargetDependency;
			target = 3A43D87E2F57E4BD008E061E /* Ito */;
			targetProxy = 3A43D88D2F57E4BF008E061E /* PBXContainerItemProxy */;
		};
		3A43D8982F57E4BF008E061E /* PBXTargetDependency */ = {
			isa = PBXTargetDependency;
			target = 3A43D87E2F57E4BD008E061E /* Ito */;
			targetProxy = 3A43D8972F57E4BF008E061E /* PBXContainerItemProxy */;
		};
		3AC825752F5FF9900054AD29 /* PBXTargetDependency */ = {
			isa = PBXTargetDependency;
			productRef = 3AC825742F5FF9900054AD29 /* SwiftLintBuildToolPlugin */;
		};
/* End PBXTargetDependency section */

/* Begin XCBuildConfiguration section */
		3A43D89E2F57E4BF008E061E /* Debug */ = {
			isa = XCBuildConfiguration;
			buildSettings = {
				ALWAYS_SEARCH_USER_PATHS = NO;
				ASSETCATALOG_COMPILER_GENERATE_SWIFT_ASSET_SYMBOL_EXTENSIONS = YES;
				CLANG_ANALYZER_NONNULL = YES;
				CLANG_ANALYZER_NUMBER_OBJECT_CONVERSION = YES_AGGRESSIVE;
				CLANG_CXX_LANGUAGE_STANDARD = "gnu++20";
				CLANG_ENABLE_MODULES = YES;
				CLANG_ENABLE_OBJC_ARC = YES;
				CLANG_ENABLE_OBJC_WEAK = YES;
				CLANG_WARN_BLOCK_CAPTURE_AUTORELEASING = YES;
				CLANG_WARN_BOOL_CONVERSION = YES;
				CLANG_WARN_COMMA = YES;
				CLANG_WARN_CONSTANT_CONVERSION = YES;
				CLANG_WARN_DEPRECATED_OBJC_IMPLEMENTATIONS = YES;
				CLANG_WARN_DIRECT_OBJC_ISA_USAGE = YES_ERROR;
				CLANG_WARN_DOCUMENTATION_COMMENTS = YES;
				CLANG_WARN_EMPTY_BODY = YES;
				CLANG_WARN_ENUM_CONVERSION = YES;
				CLANG_WARN_INFINITE_RECURSION = YES;
				CLANG_WARN_INT_CONVERSION = YES;
				CLANG_WARN_NON_LITERAL_NULL_CONVERSION = YES;
				CLANG_WARN_OBJC_IMPLICIT_RETAIN_SELF = YES;
				CLANG_WARN_OBJC_LITERAL_CONVERSION = YES;
				CLANG_WARN_OBJC_ROOT_CLASS = YES_ERROR;
				CLANG_WARN_QUOTED_INCLUDE_IN_FRAMEWORK_HEADER = YES;
				CLANG_WARN_RANGE_LOOP_ANALYSIS = YES;
				CLANG_WARN_STRICT_PROTOTYPES = YES;
				CLANG_WARN_SUSPICIOUS_MOVE = YES;
				CLANG_WARN_UNGUARDED_AVAILABILITY = YES_AGGRESSIVE;
				CLANG_WARN_UNREACHABLE_CODE = YES;
				CLANG_WARN__DUPLICATE_METHOD_MATCH = YES;
				COPY_PHASE_STRIP = NO;
				DEBUG_INFORMATION_FORMAT = dwarf;
				DEVELOPMENT_TEAM = M3875U7845;
				ENABLE_STRICT_OBJC_MSGSEND = YES;
				ENABLE_TESTABILITY = YES;
				ENABLE_USER_SCRIPT_SANDBOXING = YES;
				GCC_C_LANGUAGE_STANDARD = gnu17;
				GCC_DYNAMIC_NO_PIC = NO;
				GCC_NO_COMMON_BLOCKS = YES;
				GCC_OPTIMIZATION_LEVEL = 0;
				GCC_PREPROCESSOR_DEFINITIONS = (
					"DEBUG=1",
					"$(inherited)",
				);
				GCC_WARN_64_TO_32_BIT_CONVERSION = YES;
				GCC_WARN_ABOUT_RETURN_TYPE = YES_ERROR;
				GCC_WARN_UNDECLARED_SELECTOR = YES;
				GCC_WARN_UNINITIALIZED_AUTOS = YES_AGGRESSIVE;
				GCC_WARN_UNUSED_FUNCTION = YES;
				GCC_WARN_UNUSED_VARIABLE = YES;
				IPHONEOS_DEPLOYMENT_TARGET = 26.2;
				LOCALIZATION_PREFERS_STRING_CATALOGS = YES;
				MTL_ENABLE_DEBUG_INFO = INCLUDE_SOURCE;
				MTL_FAST_MATH = YES;
				ONLY_ACTIVE_ARCH = YES;
				SDKROOT = iphoneos;
				SWIFT_ACTIVE_COMPILATION_CONDITIONS = "DEBUG $(inherited)";
				SWIFT_OPTIMIZATION_LEVEL = "-Onone";
			};
			name = Debug;
		};
		3A43D89F2F57E4BF008E061E /* Release */ = {
			isa = XCBuildConfiguration;
			buildSettings = {
				ALWAYS_SEARCH_USER_PATHS = NO;
				ASSETCATALOG_COMPILER_GENERATE_SWIFT_ASSET_SYMBOL_EXTENSIONS = YES;
				CLANG_ANALYZER_NONNULL = YES;
				CLANG_ANALYZER_NUMBER_OBJECT_CONVERSION = YES_AGGRESSIVE;
				CLANG_CXX_LANGUAGE_STANDARD = "gnu++20";
				CLANG_ENABLE_MODULES = YES;
				CLANG_ENABLE_OBJC_ARC = YES;
				CLANG_ENABLE_OBJC_WEAK = YES;
				CLANG_WARN_BLOCK_CAPTURE_AUTORELEASING = YES;
				CLANG_WARN_BOOL_CONVERSION = YES;
				CLANG_WARN_COMMA = YES;
				CLANG_WARN_CONSTANT_CONVERSION = YES;
				CLANG_WARN_DEPRECATED_OBJC_IMPLEMENTATIONS = YES;
				CLANG_WARN_DIRECT_OBJC_ISA_USAGE = YES_ERROR;
				CLANG_WARN_DOCUMENTATION_COMMENTS = YES;
				CLANG_WARN_EMPTY_BODY = YES;
				CLANG_WARN_ENUM_CONVERSION = YES;
				CLANG_WARN_INFINITE_RECURSION = YES;
				CLANG_WARN_INT_CONVERSION = YES;
				CLANG_WARN_NON_LITERAL_NULL_CONVERSION = YES;
				CLANG_WARN_OBJC_IMPLICIT_RETAIN_SELF = YES;
				CLANG_WARN_OBJC_LITERAL_CONVERSION = YES;
				CLANG_WARN_OBJC_ROOT_CLASS = YES_ERROR;
				CLANG_WARN_QUOTED_INCLUDE_IN_FRAMEWORK_HEADER = YES;
				CLANG_WARN_RANGE_LOOP_ANALYSIS = YES;
				CLANG_WARN_STRICT_PROTOTYPES = YES;
				CLANG_WARN_SUSPICIOUS_MOVE = YES;
				CLANG_WARN_UNGUARDED_AVAILABILITY = YES_AGGRESSIVE;
				CLANG_WARN_UNREACHABLE_CODE = YES;
				CLANG_WARN__DUPLICATE_METHOD_MATCH = YES;
				COPY_PHASE_STRIP = NO;
				DEBUG_INFORMATION_FORMAT = "dwarf-with-dsym";
				DEVELOPMENT_TEAM = M3875U7845;
				ENABLE_NS_ASSERTIONS = NO;
				ENABLE_STRICT_OBJC_MSGSEND = YES;
				ENABLE_USER_SCRIPT_SANDBOXING = YES;
				GCC_C_LANGUAGE_STANDARD = gnu17;
				GCC_NO_COMMON_BLOCKS = YES;
				GCC_WARN_64_TO_32_BIT_CONVERSION = YES;
				GCC_WARN_ABOUT_RETURN_TYPE = YES_ERROR;
				GCC_WARN_UNDECLARED_SELECTOR = YES;
				GCC_WARN_UNINITIALIZED_AUTOS = YES_AGGRESSIVE;
				GCC_WARN_UNUSED_FUNCTION = YES;
				GCC_WARN_UNUSED_VARIABLE = YES;
				IPHONEOS_DEPLOYMENT_TARGET = 26.2;
				LOCALIZATION_PREFERS_STRING_CATALOGS = YES;
				MTL_ENABLE_DEBUG_INFO = NO;
				MTL_FAST_MATH = YES;
				SDKROOT = iphoneos;
				SWIFT_COMPILATION_MODE = wholemodule;
				VALIDATE_PRODUCT = YES;
			};
			name = Release;
		};
		3A43D8A12F57E4BF008E061E /* Debug */ = {
			isa = XCBuildConfiguration;
			buildSettings = {
				ASSETCATALOG_COMPILER_APPICON_NAME = AppIcon;
				ASSETCATALOG_COMPILER_GLOBAL_ACCENT_COLOR_NAME = AccentColor;
				CODE_SIGN_STYLE = Automatic;
				CURRENT_PROJECT_VERSION = 1;
				DEVELOPMENT_TEAM = M3875U7845;
				ENABLE_PREVIEWS = YES;
				GENERATE_INFOPLIST_FILE = YES;
				INFOPLIST_FILE = Ito/Info.plist;
				INFOPLIST_KEY_LSSupportsOpeningDocumentsInPlace = YES;
				INFOPLIST_KEY_UIApplicationSceneManifest_Generation = YES;
				INFOPLIST_KEY_UIApplicationSupportsIndirectInputEvents = YES;
				INFOPLIST_KEY_UILaunchScreen_Generation = YES;
				INFOPLIST_KEY_UISupportedInterfaceOrientations_iPad = "UIInterfaceOrientationPortrait UIInterfaceOrientationPortraitUpsideDown UIInterfaceOrientationLandscapeLeft UIInterfaceOrientationLandscapeRight";
				INFOPLIST_KEY_UISupportedInterfaceOrientations_iPhone = "UIInterfaceOrientationPortrait UIInterfaceOrientationLandscapeLeft UIInterfaceOrientationLandscapeRight";
				IPHONEOS_DEPLOYMENT_TARGET = 15.4;
				LD_RUNPATH_SEARCH_PATHS = (
					"$(inherited)",
					"@executable_path/Frameworks",
				);
				MARKETING_VERSION = 1.0;
				PRODUCT_BUNDLE_IDENTIFIER = moe.kunihir0.Ito;
				PRODUCT_NAME = "$(TARGET_NAME)";
				STRING_CATALOG_GENERATE_SYMBOLS = YES;
				SWIFT_APPROACHABLE_CONCURRENCY = YES;
				SWIFT_DEFAULT_ACTOR_ISOLATION = MainActor;
				SWIFT_EMIT_LOC_STRINGS = YES;
				SWIFT_STRICT_CONCURRENCY = complete;
				SWIFT_UPCOMING_FEATURE_MEMBER_IMPORT_VISIBILITY = YES;
				SWIFT_VERSION = 6.0;
				TARGETED_DEVICE_FAMILY = "1,2";
			};
			name = Debug;
		};
		3A43D8A22F57E4BF008E061E /* Release */ = {
			isa = XCBuildConfiguration;
			buildSettings = {
				ASSETCATALOG_COMPILER_APPICON_NAME = AppIcon;
				ASSETCATALOG_COMPILER_GLOBAL_ACCENT_COLOR_NAME = AccentColor;
				CODE_SIGN_STYLE = Automatic;
				CURRENT_PROJECT_VERSION = 1;
				DEVELOPMENT_TEAM = M3875U7845;
				ENABLE_PREVIEWS = YES;
				GENERATE_INFOPLIST_FILE = YES;
				INFOPLIST_FILE = Ito/Info.plist;
				INFOPLIST_KEY_LSSupportsOpeningDocumentsInPlace = YES;
				INFOPLIST_KEY_UIApplicationSceneManifest_Generation = YES;
				INFOPLIST_KEY_UIApplicationSupportsIndirectInputEvents = YES;
				INFOPLIST_KEY_UILaunchScreen_Generation = YES;
				INFOPLIST_KEY_UISupportedInterfaceOrientations_iPad = "UIInterfaceOrientationPortrait UIInterfaceOrientationPortraitUpsideDown UIInterfaceOrientationLandscapeLeft UIInterfaceOrientationLandscapeRight";
				INFOPLIST_KEY_UISupportedInterfaceOrientations_iPhone = "UIInterfaceOrientationPortrait UIInterfaceOrientationLandscapeLeft UIInterfaceOrientationLandscapeRight";
				IPHONEOS_DEPLOYMENT_TARGET = 15.4;
				LD_RUNPATH_SEARCH_PATHS = (
					"$(inherited)",
					"@executable_path/Frameworks",
				);
				MARKETING_VERSION = 1.0;
				PRODUCT_BUNDLE_IDENTIFIER = moe.kunihir0.Ito;
				PRODUCT_NAME = "$(TARGET_NAME)";
				STRING_CATALOG_GENERATE_SYMBOLS = YES;
				SWIFT_APPROACHABLE_CONCURRENCY = YES;
				SWIFT_DEFAULT_ACTOR_ISOLATION = MainActor;
				SWIFT_EMIT_LOC_STRINGS = YES;
				SWIFT_STRICT_CONCURRENCY = complete;
				SWIFT_UPCOMING_FEATURE_MEMBER_IMPORT_VISIBILITY = YES;
				SWIFT_VERSION = 6.0;
				TARGETED_DEVICE_FAMILY = "1,2";
			};
			name = Release;
		};
		3A43D8A42F57E4BF008E061E /* Debug */ = {
			isa = XCBuildConfiguration;
			buildSettings = {
				BUNDLE_LOADER = "$(TEST_HOST)";
				CODE_SIGN_STYLE = Automatic;
				CURRENT_PROJECT_VERSION = 1;
				DEVELOPMENT_TEAM = M3875U7845;
				GENERATE_INFOPLIST_FILE = YES;
				IPHONEOS_DEPLOYMENT_TARGET = 26.2;
				MARKETING_VERSION = 1.0;
				PRODUCT_BUNDLE_IDENTIFIER = moe.kunihir0.ItoTests;
				PRODUCT_NAME = "$(TARGET_NAME)";
				STRING_CATALOG_GENERATE_SYMBOLS = NO;
				SWIFT_APPROACHABLE_CONCURRENCY = YES;
				SWIFT_EMIT_LOC_STRINGS = NO;
				SWIFT_STRICT_CONCURRENCY = complete;
				SWIFT_UPCOMING_FEATURE_MEMBER_IMPORT_VISIBILITY = YES;
				SWIFT_VERSION = 6.0;
				TARGETED_DEVICE_FAMILY = "1,2";
				TEST_HOST = "$(BUILT_PRODUCTS_DIR)/Ito.app/$(BUNDLE_EXECUTABLE_FOLDER_PATH)/Ito";
			};
			name = Debug;
		};
		3A43D8A52F57E4BF008E061E /* Release */ = {
			isa = XCBuildConfiguration;
			buildSettings = {
				BUNDLE_LOADER = "$(TEST_HOST)";
				CODE_SIGN_STYLE = Automatic;
				CURRENT_PROJECT_VERSION = 1;
				DEVELOPMENT_TEAM = M3875U7845;
				GENERATE_INFOPLIST_FILE = YES;
				IPHONEOS_DEPLOYMENT_TARGET = 26.2;
				MARKETING_VERSION = 1.0;
				PRODUCT_BUNDLE_IDENTIFIER = moe.kunihir0.ItoTests;
				PRODUCT_NAME = "$(TARGET_NAME)";
				STRING_CATALOG_GENERATE_SYMBOLS = NO;
				SWIFT_APPROACHABLE_CONCURRENCY = YES;
				SWIFT_EMIT_LOC_STRINGS = NO;
				SWIFT_STRICT_CONCURRENCY = complete;
				SWIFT_UPCOMING_FEATURE_MEMBER_IMPORT_VISIBILITY = YES;
				SWIFT_VERSION = 6.0;
				TARGETED_DEVICE_FAMILY = "1,2";
				TEST_HOST = "$(BUILT_PRODUCTS_DIR)/Ito.app/$(BUNDLE_EXECUTABLE_FOLDER_PATH)/Ito";
			};
			name = Release;
		};
		3A43D8A72F57E4BF008E061E /* Debug */ = {
			isa = XCBuildConfiguration;
			buildSettings = {
				CODE_SIGN_STYLE = Automatic;
				CURRENT_PROJECT_VERSION = 1;
				DEVELOPMENT_TEAM = M3875U7845;
				GENERATE_INFOPLIST_FILE = YES;
				MARKETING_VERSION = 1.0;
				PRODUCT_BUNDLE_IDENTIFIER = moe.kunihir0.ItoUITests;
				PRODUCT_NAME = "$(TARGET_NAME)";
				STRING_CATALOG_GENERATE_SYMBOLS = NO;
				SWIFT_APPROACHABLE_CONCURRENCY = YES;
				SWIFT_EMIT_LOC_STRINGS = NO;
				SWIFT_STRICT_CONCURRENCY = complete;
				SWIFT_UPCOMING_FEATURE_MEMBER_IMPORT_VISIBILITY = YES;
				SWIFT_VERSION = 6.0;
				TARGETED_DEVICE_FAMILY = "1,2";
				TEST_TARGET_NAME = Ito;
			};
			name = Debug;
		};
		3A43D8A82F57E4BF008E061E /* Release */ = {
			isa = XCBuildConfiguration;
			buildSettings = {
				CODE_SIGN_STYLE = Automatic;
				CURRENT_PROJECT_VERSION = 1;
				DEVELOPMENT_TEAM = M3875U7845;
				GENERATE_INFOPLIST_FILE = YES;
				MARKETING_VERSION = 1.0;
				PRODUCT_BUNDLE_IDENTIFIER = moe.kunihir0.ItoUITests;
				PRODUCT_NAME = "$(TARGET_NAME)";
				STRING_CATALOG_GENERATE_SYMBOLS = NO;
				SWIFT_APPROACHABLE_CONCURRENCY = YES;
				SWIFT_EMIT_LOC_STRINGS = NO;
				SWIFT_STRICT_CONCURRENCY = complete;
				SWIFT_UPCOMING_FEATURE_MEMBER_IMPORT_VISIBILITY = YES;
				SWIFT_VERSION = 6.0;
				TARGETED_DEVICE_FAMILY = "1,2";
				TEST_TARGET_NAME = Ito;
			};
			name = Release;
		};
/* End XCBuildConfiguration section */

/* Begin XCConfigurationList section */
		3A43D87A2F57E4BD008E061E /* Build configuration list for PBXProject "Ito" */ = {
			isa = XCConfigurationList;
			buildConfigurations = (
				3A43D89E2F57E4BF008E061E /* Debug */,
				3A43D89F2F57E4BF008E061E /* Release */,
			);
			defaultConfigurationIsVisible = 0;
			defaultConfigurationName = Release;
		};
		3A43D8A02F57E4BF008E061E /* Build configuration list for PBXNativeTarget "Ito" */ = {
			isa = XCConfigurationList;
			buildConfigurations = (
				3A43D8A12F57E4BF008E061E /* Debug */,
				3A43D8A22F57E4BF008E061E /* Release */,
			);
			defaultConfigurationIsVisible = 0;
			defaultConfigurationName = Release;
		};
		3A43D8A32F57E4BF008E061E /* Build configuration list for PBXNativeTarget "ItoTests" */ = {
			isa = XCConfigurationList;
			buildConfigurations = (
				3A43D8A42F57E4BF008E061E /* Debug */,
				3A43D8A52F57E4BF008E061E /* Release */,
			);
			defaultConfigurationIsVisible = 0;
			defaultConfigurationName = Release;
		};
		3A43D8A62F57E4BF008E061E /* Build configuration list for PBXNativeTarget "ItoUITests" */ = {
			isa = XCConfigurationList;
			buildConfigurations = (
				3A43D8A72F57E4BF008E061E /* Debug */,
				3A43D8A82F57E4BF008E061E /* Release */,
			);
			defaultConfigurationIsVisible = 0;
			defaultConfigurationName = Release;
		};
/* End XCConfigurationList section */

/* Begin XCLocalSwiftPackageReference section */
		3A64EED62F7969F700B76A90 /* XCLocalSwiftPackageReference "../GRDB.swift-master" */ = {
			isa = XCLocalSwiftPackageReference;
			relativePath = "../GRDB.swift-master";
		};
		3ADF8E0D2F6CE2E6007A5EA0 /* XCLocalSwiftPackageReference "projects/ito-runner" */ = {
			isa = XCLocalSwiftPackageReference;
			relativePath = "projects/ito-runner";
		};
/* End XCLocalSwiftPackageReference section */

/* Begin XCRemoteSwiftPackageReference section */
		3AC8256E2F5FD9300054AD29 /* XCRemoteSwiftPackageReference "Nuke" */ = {
			isa = XCRemoteSwiftPackageReference;
			repositoryURL = "https://github.com/kean/Nuke";
			requirement = {
				kind = upToNextMinorVersion;
				minimumVersion = 12.9.0;
			};
		};
		3AC825732F5FF84D0054AD29 /* XCRemoteSwiftPackageReference "SwiftLintPlugins" */ = {
			isa = XCRemoteSwiftPackageReference;
			repositoryURL = "https://github.com/SimplyDanny/SwiftLintPlugins";
			requirement = {
				kind = upToNextMinorVersion;
				minimumVersion = 0.63.2;
			};
		};
/* End XCRemoteSwiftPackageReference section */

/* Begin XCSwiftPackageProductDependency section */
		3A64EED72F7969F700B76A90 /* GRDB */ = {
			isa = XCSwiftPackageProductDependency;
			productName = GRDB;
		};
		3A7509542F57FFE40057955D /* ito-runner */ = {
			isa = XCSwiftPackageProductDependency;
			productName = "ito-runner";
		};
		3AC8256F2F5FD9300054AD29 /* Nuke */ = {
			isa = XCSwiftPackageProductDependency;
			package = 3AC8256E2F5FD9300054AD29 /* XCRemoteSwiftPackageReference "Nuke" */;
			productName = Nuke;
		};
		3AC825712F5FD9300054AD29 /* NukeUI */ = {
			isa = XCSwiftPackageProductDependency;
			package = 3AC8256E2F5FD9300054AD29 /* XCRemoteSwiftPackageReference "Nuke" */;
			productName = NukeUI;
		};
		3AC825742F5FF9900054AD29 /* SwiftLintBuildToolPlugin */ = {
			isa = XCSwiftPackageProductDependency;
			package = 3AC825732F5FF84D0054AD29 /* XCRemoteSwiftPackageReference "SwiftLintPlugins" */;
			productName = "plugin:SwiftLintBuildToolPlugin";
		};
		3ADF8E0E2F6CE2E6007A5EA0 /* ito-runner */ = {
			isa = XCSwiftPackageProductDependency;
			productName = "ito-runner";
		};
/* End XCSwiftPackageProductDependency section */
	};
	rootObject = 3A43D8772F57E4BD008E061E /* Project object */;
}
